
Microsoft Visual Studio Solution File, Format Version 12.00
# Visual Studio 14
VisualStudioVersion = 14.0.25420.1
MinimumVisualStudioVersion = 10.0.40219.1
Project("{FAE04EC0-301F-11D3-BF4B-00C04F79EFBC}") = "Box", "Box\Box.csproj", "{6234AB7D-54F8-421C-880D-2AB7DDDC1A43}"
EndProject
Project("{FAE04EC0-301F-11D3-BF4B-00C04F79EFBC}") = "Shape", "Shape\Shape.csproj", "{3CB65B8F-307A-4EF6-8BF4-6D7376919FEB}"
EndProject
Global
	GlobalSection(SolutionConfigurationPlatforms) = preSolution
		Debug|Any CPU = Debug|Any CPU
		Release|Any CPU = Release|Any CPU
	EndGlobalSection
	GlobalSection(ProjectConfigurationPlatforms) = postSolution
		{6234AB7D-54F8-421C-880D-2AB7DDDC1A43}.Debug|Any CPU.ActiveCfg = Debug|Any CPU
		{6234AB7D-54F8-421C-880D-2AB7DDDC1A43}.Debug|Any CPU.Build.0 = Debug|Any CPU
		{6234AB7D-54F8-421C-880D-2AB7DDDC1A43}.Release|Any CPU.ActiveCfg = Release|Any CPU
		{6234AB7D-54F8-421C-880D-2AB7DDDC1A43}.Release|Any CPU.Build.0 = Release|Any CPU
		{3CB65B8F-307A-4EF6-8BF4-6D7376919FEB}.Debug|Any CPU.ActiveCfg = Debug|Any CPU
		{3CB65B8F-307A-4EF6-8BF4-6D7376919FEB}.Debug|Any CPU.Build.0 = Debug|Any CPU
		{3CB65B8F-307A-4EF6-8BF4-6D7376919FEB}.Release|Any CPU.ActiveCfg = Release|Any CPU
		{3CB65B8F-307A-4EF6-8BF4-6D7376919FEB}.Release|Any CPU.Build.0 = Release|Any CPU
	EndGlobalSection
	GlobalSection(SolutionProperties) = preSolution
		HideSolutionNode = FALSE
	EndGlobalSection
EndGlobal
